
Microsoft Visual Studio Solution File, Format Version 12.00
Project("{FAE04EC0-301F-11D3-BF4B-00C04F79EFBC}") = "LoginCodeFirst", "LoginCodeFirst\LoginCodeFirst.csproj", "{FEAC2F83-8501-45CE-9E93-0457D186837A}"
EndProject
Project("{FAE04EC0-301F-11D3-BF4B-00C04F79EFBC}") = "TestProject1", "TestProject1\TestProject1.csproj", "{627CD604-9483-4A8C-A15E-5071A32DCAB2}"
EndProject
Global
	GlobalSection(SolutionConfigurationPlatforms) = preSolution
		Debug|Any CPU = Debug|Any CPU
		Release|Any CPU = Release|Any CPU
	EndGlobalSection
	GlobalSection(ProjectConfigurationPlatforms) = postSolution
		{FEAC2F83-8501-45CE-9E93-0457D186837A}.Debug|Any CPU.ActiveCfg = Debug|Any CPU
		{FEAC2F83-8501-45CE-9E93-0457D186837A}.Debug|Any CPU.Build.0 = Debug|Any CPU
		{FEAC2F83-8501-45CE-9E93-0457D186837A}.Release|Any CPU.ActiveCfg = Release|Any CPU
		{FEAC2F83-8501-45CE-9E93-0457D186837A}.Release|Any CPU.Build.0 = Release|Any CPU
		{627CD604-9483-4A8C-A15E-5071A32DCAB2}.Debug|Any CPU.ActiveCfg = Debug|Any CPU
		{627CD604-9483-4A8C-A15E-5071A32DCAB2}.Debug|Any CPU.Build.0 = Debug|Any CPU
		{627CD604-9483-4A8C-A15E-5071A32DCAB2}.Release|Any CPU.ActiveCfg = Release|Any CPU
		{627CD604-9483-4A8C-A15E-5071A32DCAB2}.Release|Any CPU.Build.0 = Release|Any CPU
	EndGlobalSection
EndGlobal
